[[package]]
name = "addr2line"
version = "0.7.0"
source = "registry+https://github.com/rust-lang/crates.io-index"
dependencies = [
 "cpp_demangle 0.2.12 (registry+https://github.com/rust-lang/crates.io-index)",
 "fallible-iterator 0.1.6 (registry+https://github.com/rust-lang/crates.io-index)",
 "gimli 0.16.1 (registry+https://github.com/rust-lang/crates.io-index)",
 "intervaltree 0.2.4 (registry+https://github.com/rust-lang/crates.io-index)",
 "lazycell 1.2.1 (registry+https://github.com/rust-lang/crates.io-index)",
 "object 0.9.0 (registry+https://github.com/rust-lang/crates.io-index)",
 "rustc-demangle 0.1.13 (registry+https://github.com/rust-lang/crates.io-index)",
 "smallvec 0.6.7 (registry+https://github.com/rust-lang/crates.io-index)",
]

[[package]]
name = "adler32"
version = "1.0.3"
source = "registry+https://github.com/rust-lang/crates.io-index"

[[package]]
name = "aho-corasick"
version = "0.6.9"
source = "registry+https://github.com/rust-lang/crates.io-index"
dependencies = [
 "memchr 2.1.2 (registry+https://github.com/rust-lang/crates.io-index)",
]

[[package]]
name = "arrayvec"
version = "0.4.10"
source = "registry+https://github.com/rust-lang/crates.io-index"
dependencies = [
 "nodrop 0.1.13 (registry+https://github.com/rust-lang/crates.io-index)",
]

[[package]]
name = "atty"
version = "0.2.11"
source = "registry+https://github.com/rust-lang/crates.io-index"
dependencies = [
 "libc 0.2.46 (registry+https://github.com/rust-lang/crates.io-index)",
 "termion 1.5.1 (registry+https://github.com/rust-lang/crates.io-index)",
 "winapi 0.3.6 (registry+https://github.com/rust-lang/crates.io-index)",
]

[[package]]
name = "autocfg"
version = "0.1.1"
source = "registry+https://github.com/rust-lang/crates.io-index"

[[package]]
name = "backtrace"
version = "0.3.13"
source = "registry+https://github.com/rust-lang/crates.io-index"
dependencies = [
 "autocfg 0.1.1 (registry+https://github.com/rust-lang/crates.io-index)",
 "backtrace-sys 0.1.28 (registry+https://github.com/rust-lang/crates.io-index)",
 "cfg-if 0.1.6 (registry+https://github.com/rust-lang/crates.io-index)",
 "libc 0.2.46 (registry+https://github.com/rust-lang/crates.io-index)",
 "rustc-demangle 0.1.13 (registry+https://github.com/rust-lang/crates.io-index)",
 "winapi 0.3.6 (registry+https://github.com/rust-lang/crates.io-index)",
]

[[package]]
name = "backtrace-sys"
version = "0.1.28"
source = "registry+https://github.com/rust-lang/crates.io-index"
dependencies = [
 "cc 1.0.28 (registry+https://github.com/rust-lang/crates.io-index)",
 "libc 0.2.46 (registry+https://github.com/rust-lang/crates.io-index)",
]

[[package]]
name = "benfred-read-process-memory"
version = "0.1.3"
source = "registry+https://github.com/rust-lang/crates.io-index"
dependencies = [
 "kernel32-sys 0.2.2 (registry+https://github.com/rust-lang/crates.io-index)",
 "libc 0.2.46 (registry+https://github.com/rust-lang/crates.io-index)",
 "log 0.3.9 (registry+https://github.com/rust-lang/crates.io-index)",
 "mach 0.1.2 (registry+https://github.com/rust-lang/crates.io-index)",
 "winapi 0.2.8 (registry+https://github.com/rust-lang/crates.io-index)",
]

[[package]]
name = "bitflags"
version = "1.0.4"
source = "registry+https://github.com/rust-lang/crates.io-index"

[[package]]
name = "build_const"
version = "0.2.1"
source = "registry+https://github.com/rust-lang/crates.io-index"

[[package]]
name = "byteorder"
version = "1.2.7"
source = "registry+https://github.com/rust-lang/crates.io-index"

[[package]]
name = "cc"
version = "1.0.28"
source = "registry+https://github.com/rust-lang/crates.io-index"

[[package]]
name = "cfg-if"
version = "0.1.6"
source = "registry+https://github.com/rust-lang/crates.io-index"

[[package]]
name = "cpp_demangle"
version = "0.2.12"
source = "registry+https://github.com/rust-lang/crates.io-index"
dependencies = [
 "cfg-if 0.1.6 (registry+https://github.com/rust-lang/crates.io-index)",
 "glob 0.2.11 (registry+https://github.com/rust-lang/crates.io-index)",
]

[[package]]
name = "crc"
version = "1.8.1"
source = "registry+https://github.com/rust-lang/crates.io-index"
dependencies = [
 "build_const 0.2.1 (registry+https://github.com/rust-lang/crates.io-index)",
]

[[package]]
name = "crc32fast"
version = "1.1.2"
source = "registry+https://github.com/rust-lang/crates.io-index"
dependencies = [
 "cfg-if 0.1.6 (registry+https://github.com/rust-lang/crates.io-index)",
]

[[package]]
name = "env_logger"
version = "0.5.13"
source = "registry+https://github.com/rust-lang/crates.io-index"
dependencies = [
 "atty 0.2.11 (registry+https://github.com/rust-lang/crates.io-index)",
 "humantime 1.2.0 (registry+https://github.com/rust-lang/crates.io-index)",
 "log 0.4.6 (registry+https://github.com/rust-lang/crates.io-index)",
 "regex 1.1.0 (registry+https://github.com/rust-lang/crates.io-index)",
 "termcolor 1.0.4 (registry+https://github.com/rust-lang/crates.io-index)",
]

[[package]]
name = "errno"
version = "0.1.8"
source = "registry+https://github.com/rust-lang/crates.io-index"
dependencies = [
 "kernel32-sys 0.2.2 (registry+https://github.com/rust-lang/crates.io-index)",
 "libc 0.2.46 (registry+https://github.com/rust-lang/crates.io-index)",
 "winapi 0.2.8 (registry+https://github.com/rust-lang/crates.io-index)",
]

[[package]]
name = "failure"
version = "0.1.5"
source = "registry+https://github.com/rust-lang/crates.io-index"
dependencies = [
 "backtrace 0.3.13 (registry+https://github.com/rust-lang/crates.io-index)",
 "failure_derive 0.1.5 (registry+https://github.com/rust-lang/crates.io-index)",
]

[[package]]
name = "failure_derive"
version = "0.1.5"
source = "registry+https://github.com/rust-lang/crates.io-index"
dependencies = [
 "proc-macro2 0.4.24 (registry+https://github.com/rust-lang/crates.io-index)",
 "quote 0.6.10 (registry+https://github.com/rust-lang/crates.io-index)",
 "syn 0.15.24 (registry+https://github.com/rust-lang/crates.io-index)",
 "synstructure 0.10.1 (registry+https://github.com/rust-lang/crates.io-index)",
]

[[package]]
name = "fallible-iterator"
version = "0.1.6"
source = "registry+https://github.com/rust-lang/crates.io-index"

[[package]]
name = "flate2"
version = "1.0.6"
source = "registry+https://github.com/rust-lang/crates.io-index"
dependencies = [
 "crc32fast 1.1.2 (registry+https://github.com/rust-lang/crates.io-index)",
 "libc 0.2.46 (registry+https://github.com/rust-lang/crates.io-index)",
 "miniz-sys 0.1.11 (registry+https://github.com/rust-lang/crates.io-index)",
 "miniz_oxide_c_api 0.2.0 (registry+https://github.com/rust-lang/crates.io-index)",
]

[[package]]
name = "gimli"
version = "0.16.1"
source = "registry+https://github.com/rust-lang/crates.io-index"
dependencies = [
 "arrayvec 0.4.10 (registry+https://github.com/rust-lang/crates.io-index)",
 "byteorder 1.2.7 (registry+https://github.com/rust-lang/crates.io-index)",
 "fallible-iterator 0.1.6 (registry+https://github.com/rust-lang/crates.io-index)",
 "stable_deref_trait 1.1.1 (registry+https://github.com/rust-lang/crates.io-index)",
]

[[package]]
name = "glob"
version = "0.2.11"
source = "registry+https://github.com/rust-lang/crates.io-index"

[[package]]
name = "goblin"
version = "0.0.15"
source = "registry+https://github.com/rust-lang/crates.io-index"
dependencies = [
 "log 0.4.6 (registry+https://github.com/rust-lang/crates.io-index)",
 "plain 0.2.3 (registry+https://github.com/rust-lang/crates.io-index)",
 "scroll 0.9.2 (registry+https://github.com/rust-lang/crates.io-index)",
]

[[package]]
name = "goblin"
version = "0.0.19"
source = "registry+https://github.com/rust-lang/crates.io-index"
dependencies = [
 "log 0.4.6 (registry+https://github.com/rust-lang/crates.io-index)",
 "plain 0.2.3 (registry+https://github.com/rust-lang/crates.io-index)",
 "scroll 0.9.2 (registry+https://github.com/rust-lang/crates.io-index)",
]

[[package]]
name = "humantime"
version = "1.2.0"
source = "registry+https://github.com/rust-lang/crates.io-index"
dependencies = [
 "quick-error 1.2.2 (registry+https://github.com/rust-lang/crates.io-index)",
]

[[package]]
name = "intervaltree"
version = "0.2.4"
source = "registry+https://github.com/rust-lang/crates.io-index"
dependencies = [
 "smallvec 0.6.7 (registry+https://github.com/rust-lang/crates.io-index)",
]

[[package]]
name = "kernel32-sys"
version = "0.2.2"
source = "registry+https://github.com/rust-lang/crates.io-index"
dependencies = [
 "winapi 0.2.8 (registry+https://github.com/rust-lang/crates.io-index)",
 "winapi-build 0.1.1 (registry+https://github.com/rust-lang/crates.io-index)",
]

[[package]]
name = "lazy_static"
version = "1.2.0"
source = "registry+https://github.com/rust-lang/crates.io-index"

[[package]]
name = "lazycell"
version = "1.2.1"
source = "registry+https://github.com/rust-lang/crates.io-index"

[[package]]
name = "libc"
version = "0.2.46"
source = "registry+https://github.com/rust-lang/crates.io-index"

[[package]]
name = "libproc"
version = "0.3.2"
source = "registry+https://github.com/rust-lang/crates.io-index"
dependencies = [
 "errno 0.1.8 (registry+https://github.com/rust-lang/crates.io-index)",
 "libc 0.2.46 (registry+https://github.com/rust-lang/crates.io-index)",
]

[[package]]
name = "log"
version = "0.3.9"
source = "registry+https://github.com/rust-lang/crates.io-index"
dependencies = [
 "log 0.4.6 (registry+https://github.com/rust-lang/crates.io-index)",
]

[[package]]
name = "log"
version = "0.4.6"
source = "registry+https://github.com/rust-lang/crates.io-index"
dependencies = [
 "cfg-if 0.1.6 (registry+https://github.com/rust-lang/crates.io-index)",
]

[[package]]
name = "mach"
version = "0.1.2"
source = "registry+https://github.com/rust-lang/crates.io-index"
dependencies = [
 "libc 0.2.46 (registry+https://github.com/rust-lang/crates.io-index)",
]

[[package]]
name = "mach"
version = "0.2.3"
source = "registry+https://github.com/rust-lang/crates.io-index"
dependencies = [
 "libc 0.2.46 (registry+https://github.com/rust-lang/crates.io-index)",
]

[[package]]
name = "mach_o_sys"
version = "0.1.1"
source = "registry+https://github.com/rust-lang/crates.io-index"

[[package]]
name = "memchr"
version = "2.1.2"
source = "registry+https://github.com/rust-lang/crates.io-index"
dependencies = [
 "cfg-if 0.1.6 (registry+https://github.com/rust-lang/crates.io-index)",
 "libc 0.2.46 (registry+https://github.com/rust-lang/crates.io-index)",
 "version_check 0.1.5 (registry+https://github.com/rust-lang/crates.io-index)",
]

[[package]]
name = "memmap"
version = "0.7.0"
source = "registry+https://github.com/rust-lang/crates.io-index"
dependencies = [
 "libc 0.2.46 (registry+https://github.com/rust-lang/crates.io-index)",
 "winapi 0.3.6 (registry+https://github.com/rust-lang/crates.io-index)",
]

[[package]]
name = "miniz-sys"
version = "0.1.11"
source = "registry+https://github.com/rust-lang/crates.io-index"
dependencies = [
 "cc 1.0.28 (registry+https://github.com/rust-lang/crates.io-index)",
 "libc 0.2.46 (registry+https://github.com/rust-lang/crates.io-index)",
]

[[package]]
name = "miniz_oxide"
version = "0.2.0"
source = "registry+https://github.com/rust-lang/crates.io-index"
dependencies = [
 "adler32 1.0.3 (registry+https://github.com/rust-lang/crates.io-index)",
]

[[package]]
name = "miniz_oxide_c_api"
version = "0.2.0"
source = "registry+https://github.com/rust-lang/crates.io-index"
dependencies = [
 "cc 1.0.28 (registry+https://github.com/rust-lang/crates.io-index)",
 "crc 1.8.1 (registry+https://github.com/rust-lang/crates.io-index)",
 "libc 0.2.46 (registry+https://github.com/rust-lang/crates.io-index)",
 "miniz_oxide 0.2.0 (registry+https://github.com/rust-lang/crates.io-index)",
]

[[package]]
name = "nix"
version = "0.12.0"
source = "registry+https://github.com/rust-lang/crates.io-index"
dependencies = [
 "bitflags 1.0.4 (registry+https://github.com/rust-lang/crates.io-index)",
 "cc 1.0.28 (registry+https://github.com/rust-lang/crates.io-index)",
 "cfg-if 0.1.6 (registry+https://github.com/rust-lang/crates.io-index)",
 "libc 0.2.46 (registry+https://github.com/rust-lang/crates.io-index)",
 "void 1.0.2 (registry+https://github.com/rust-lang/crates.io-index)",
]

[[package]]
name = "nodrop"
version = "0.1.13"
source = "registry+https://github.com/rust-lang/crates.io-index"

[[package]]
name = "object"
version = "0.9.0"
source = "registry+https://github.com/rust-lang/crates.io-index"
dependencies = [
 "flate2 1.0.6 (registry+https://github.com/rust-lang/crates.io-index)",
 "goblin 0.0.15 (registry+https://github.com/rust-lang/crates.io-index)",
 "parity-wasm 0.31.3 (registry+https://github.com/rust-lang/crates.io-index)",
 "scroll 0.9.2 (registry+https://github.com/rust-lang/crates.io-index)",
 "uuid 0.6.5 (registry+https://github.com/rust-lang/crates.io-index)",
]

[[package]]
name = "parity-wasm"
version = "0.31.3"
source = "registry+https://github.com/rust-lang/crates.io-index"
dependencies = [
 "byteorder 1.2.7 (registry+https://github.com/rust-lang/crates.io-index)",
]

[[package]]
name = "plain"
version = "0.2.3"
source = "registry+https://github.com/rust-lang/crates.io-index"

[[package]]
name = "proc-macro2"
version = "0.4.24"
source = "registry+https://github.com/rust-lang/crates.io-index"
dependencies = [
 "unicode-xid 0.1.0 (registry+https://github.com/rust-lang/crates.io-index)",
]

[[package]]
name = "proc-maps"
version = "0.1.5"
source = "registry+https://github.com/rust-lang/crates.io-index"
dependencies = [
 "failure 0.1.5 (registry+https://github.com/rust-lang/crates.io-index)",
 "libc 0.2.46 (registry+https://github.com/rust-lang/crates.io-index)",
 "libproc 0.3.2 (registry+https://github.com/rust-lang/crates.io-index)",
 "mach 0.1.2 (registry+https://github.com/rust-lang/crates.io-index)",
 "winapi 0.3.6 (registry+https://github.com/rust-lang/crates.io-index)",
]

[[package]]
name = "quick-error"
version = "1.2.2"
source = "registry+https://github.com/rust-lang/crates.io-index"

[[package]]
name = "quote"
version = "0.6.10"
source = "registry+https://github.com/rust-lang/crates.io-index"
dependencies = [
 "proc-macro2 0.4.24 (registry+https://github.com/rust-lang/crates.io-index)",
]

[[package]]
name = "redox_syscall"
version = "0.1.50"
source = "registry+https://github.com/rust-lang/crates.io-index"

[[package]]
name = "redox_termios"
version = "0.1.1"
source = "registry+https://github.com/rust-lang/crates.io-index"
dependencies = [
 "redox_syscall 0.1.50 (registry+https://github.com/rust-lang/crates.io-index)",
]

[[package]]
name = "regex"
version = "1.1.0"
source = "registry+https://github.com/rust-lang/crates.io-index"
dependencies = [
 "aho-corasick 0.6.9 (registry+https://github.com/rust-lang/crates.io-index)",
 "memchr 2.1.2 (registry+https://github.com/rust-lang/crates.io-index)",
 "regex-syntax 0.6.4 (registry+https://github.com/rust-lang/crates.io-index)",
 "thread_local 0.3.6 (registry+https://github.com/rust-lang/crates.io-index)",
 "utf8-ranges 1.0.2 (registry+https://github.com/rust-lang/crates.io-index)",
]

[[package]]
name = "regex-syntax"
version = "0.6.4"
source = "registry+https://github.com/rust-lang/crates.io-index"
dependencies = [
 "ucd-util 0.1.3 (registry+https://github.com/rust-lang/crates.io-index)",
]

[[package]]
name = "remoteprocess"
version = "0.1.0"
dependencies = [
 "addr2line 0.7.0 (registry+https://github.com/rust-lang/crates.io-index)",
 "benfred-read-process-memory 0.1.3 (registry+https://github.com/rust-lang/crates.io-index)",
 "env_logger 0.5.13 (registry+https://github.com/rust-lang/crates.io-index)",
 "fallible-iterator 0.1.6 (registry+https://github.com/rust-lang/crates.io-index)",
 "gimli 0.16.1 (registry+https://github.com/rust-lang/crates.io-index)",
 "goblin 0.0.19 (registry+https://github.com/rust-lang/crates.io-index)",
 "libc 0.2.46 (registry+https://github.com/rust-lang/crates.io-index)",
 "libproc 0.3.2 (registry+https://github.com/rust-lang/crates.io-index)",
 "log 0.4.6 (registry+https://github.com/rust-lang/crates.io-index)",
 "mach 0.2.3 (registry+https://github.com/rust-lang/crates.io-index)",
 "mach_o_sys 0.1.1 (registry+https://github.com/rust-lang/crates.io-index)",
 "memmap 0.7.0 (registry+https://github.com/rust-lang/crates.io-index)",
 "nix 0.12.0 (registry+https://github.com/rust-lang/crates.io-index)",
 "object 0.9.0 (registry+https://github.com/rust-lang/crates.io-index)",
 "proc-maps 0.1.5 (registry+https://github.com/rust-lang/crates.io-index)",
 "winapi 0.3.6 (registry+https://github.com/rust-lang/crates.io-index)",
]

[[package]]
name = "rustc-demangle"
version = "0.1.13"
source = "registry+https://github.com/rust-lang/crates.io-index"

[[package]]
name = "rustc_version"
version = "0.2.3"
source = "registry+https://github.com/rust-lang/crates.io-index"
dependencies = [
 "semver 0.9.0 (registry+https://github.com/rust-lang/crates.io-index)",
]

[[package]]
name = "scroll"
version = "0.9.2"
source = "registry+https://github.com/rust-lang/crates.io-index"
dependencies = [
 "rustc_version 0.2.3 (registry+https://github.com/rust-lang/crates.io-index)",
 "scroll_derive 0.9.5 (registry+https://github.com/rust-lang/crates.io-index)",
]

[[package]]
name = "scroll_derive"
version = "0.9.5"
source = "registry+https://github.com/rust-lang/crates.io-index"
dependencies = [
 "proc-macro2 0.4.24 (registry+https://github.com/rust-lang/crates.io-index)",
 "quote 0.6.10 (registry+https://github.com/rust-lang/crates.io-index)",
 "syn 0.15.24 (registry+https://github.com/rust-lang/crates.io-index)",
]

[[package]]
name = "semver"
version = "0.9.0"
source = "registry+https://github.com/rust-lang/crates.io-index"
dependencies = [
 "semver-parser 0.7.0 (registry+https://github.com/rust-lang/crates.io-index)",
]

[[package]]
name = "semver-parser"
version = "0.7.0"
source = "registry+https://github.com/rust-lang/crates.io-index"

[[package]]
name = "smallvec"
version = "0.6.7"
source = "registry+https://github.com/rust-lang/crates.io-index"
dependencies = [
 "unreachable 1.0.0 (registry+https://github.com/rust-lang/crates.io-index)",
]

[[package]]
name = "stable_deref_trait"
version = "1.1.1"
source = "registry+https://github.com/rust-lang/crates.io-index"

[[package]]
name = "syn"
version = "0.15.24"
source = "registry+https://github.com/rust-lang/crates.io-index"
dependencies = [
 "proc-macro2 0.4.24 (registry+https://github.com/rust-lang/crates.io-index)",
 "quote 0.6.10 (registry+https://github.com/rust-lang/crates.io-index)",
 "unicode-xid 0.1.0 (registry+https://github.com/rust-lang/crates.io-index)",
]

[[package]]
name = "synstructure"
version = "0.10.1"
source = "registry+https://github.com/rust-lang/crates.io-index"
dependencies = [
 "proc-macro2 0.4.24 (registry+https://github.com/rust-lang/crates.io-index)",
 "quote 0.6.10 (registry+https://github.com/rust-lang/crates.io-index)",
 "syn 0.15.24 (registry+https://github.com/rust-lang/crates.io-index)",
 "unicode-xid 0.1.0 (registry+https://github.com/rust-lang/crates.io-index)",
]

[[package]]
name = "termcolor"
version = "1.0.4"
source = "registry+https://github.com/rust-lang/crates.io-index"
dependencies = [
 "wincolor 1.0.1 (registry+https://github.com/rust-lang/crates.io-index)",
]

[[package]]
name = "termion"
version = "1.5.1"
source = "registry+https://github.com/rust-lang/crates.io-index"
dependencies = [
 "libc 0.2.46 (registry+https://github.com/rust-lang/crates.io-index)",
 "redox_syscall 0.1.50 (registry+https://github.com/rust-lang/crates.io-index)",
 "redox_termios 0.1.1 (registry+https://github.com/rust-lang/crates.io-index)",
]

[[package]]
name = "thread_local"
version = "0.3.6"
source = "registry+https://github.com/rust-lang/crates.io-index"
dependencies = [
 "lazy_static 1.2.0 (registry+https://github.com/rust-lang/crates.io-index)",
]

[[package]]
name = "ucd-util"
version = "0.1.3"
source = "registry+https://github.com/rust-lang/crates.io-index"

[[package]]
name = "unicode-xid"
version = "0.1.0"
source = "registry+https://github.com/rust-lang/crates.io-index"

[[package]]
name = "unreachable"
version = "1.0.0"
source = "registry+https://github.com/rust-lang/crates.io-index"
dependencies = [
 "void 1.0.2 (registry+https://github.com/rust-lang/crates.io-index)",
]

[[package]]
name = "utf8-ranges"
version = "1.0.2"
source = "registry+https://github.com/rust-lang/crates.io-index"

[[package]]
name = "uuid"
version = "0.6.5"
source = "registry+https://github.com/rust-lang/crates.io-index"
dependencies = [
 "cfg-if 0.1.6 (registry+https://github.com/rust-lang/crates.io-index)",
]

[[package]]
name = "version_check"
version = "0.1.5"
source = "registry+https://github.com/rust-lang/crates.io-index"

[[package]]
name = "void"
version = "1.0.2"
source = "registry+https://github.com/rust-lang/crates.io-index"

[[package]]
name = "winapi"
version = "0.2.8"
source = "registry+https://github.com/rust-lang/crates.io-index"

[[package]]
name = "winapi"
version = "0.3.6"
source = "registry+https://github.com/rust-lang/crates.io-index"
dependencies = [
 "winapi-i686-pc-windows-gnu 0.4.0 (registry+https://github.com/rust-lang/crates.io-index)",
 "winapi-x86_64-pc-windows-gnu 0.4.0 (registry+https://github.com/rust-lang/crates.io-index)",
]

[[package]]
name = "winapi-build"
version = "0.1.1"
source = "registry+https://github.com/rust-lang/crates.io-index"

[[package]]
name = "winapi-i686-pc-windows-gnu"
version = "0.4.0"
source = "registry+https://github.com/rust-lang/crates.io-index"

[[package]]
name = "winapi-util"
version = "0.1.1"
source = "registry+https://github.com/rust-lang/crates.io-index"
dependencies = [
 "winapi 0.3.6 (registry+https://github.com/rust-lang/crates.io-index)",
]

[[package]]
name = "winapi-x86_64-pc-windows-gnu"
version = "0.4.0"
source = "registry+https://github.com/rust-lang/crates.io-index"

[[package]]
name = "wincolor"
version = "1.0.1"
source = "registry+https://github.com/rust-lang/crates.io-index"
dependencies = [
 "winapi 0.3.6 (registry+https://github.com/rust-lang/crates.io-index)",
 "winapi-util 0.1.1 (registry+https://github.com/rust-lang/crates.io-index)",
]

[metadata]
"checksum addr2line 0.7.0 (registry+https://github.com/rust-lang/crates.io-index)" = "c866703d4f9130dec71afffafd4a6cda7b1a5cd6db63d2cc05c2499194cc700e"
"checksum adler32 1.0.3 (registry+https://github.com/rust-lang/crates.io-index)" = "7e522997b529f05601e05166c07ed17789691f562762c7f3b987263d2dedee5c"
"checksum aho-corasick 0.6.9 (registry+https://github.com/rust-lang/crates.io-index)" = "1e9a933f4e58658d7b12defcf96dc5c720f20832deebe3e0a19efd3b6aaeeb9e"
"checksum arrayvec 0.4.10 (registry+https://github.com/rust-lang/crates.io-index)" = "92c7fb76bc8826a8b33b4ee5bb07a247a81e76764ab4d55e8f73e3a4d8808c71"
"checksum atty 0.2.11 (registry+https://github.com/rust-lang/crates.io-index)" = "9a7d5b8723950951411ee34d271d99dddcc2035a16ab25310ea2c8cfd4369652"
"checksum autocfg 0.1.1 (registry+https://github.com/rust-lang/crates.io-index)" = "4e5f34df7a019573fb8bdc7e24a2bfebe51a2a1d6bfdbaeccedb3c41fc574727"
"checksum backtrace 0.3.13 (registry+https://github.com/rust-lang/crates.io-index)" = "b5b493b66e03090ebc4343eb02f94ff944e0cbc9ac6571491d170ba026741eb5"
"checksum backtrace-sys 0.1.28 (registry+https://github.com/rust-lang/crates.io-index)" = "797c830ac25ccc92a7f8a7b9862bde440715531514594a6154e3d4a54dd769b6"
"checksum benfred-read-process-memory 0.1.3 (registry+https://github.com/rust-lang/crates.io-index)" = "ed2344e1b25f37dd170ba0d45b58bb8f194207c491bc073370fd6fd3aa158f67"
"checksum bitflags 1.0.4 (registry+https://github.com/rust-lang/crates.io-index)" = "228047a76f468627ca71776ecdebd732a3423081fcf5125585bcd7c49886ce12"
"checksum build_const 0.2.1 (registry+https://github.com/rust-lang/crates.io-index)" = "39092a32794787acd8525ee150305ff051b0aa6cc2abaf193924f5ab05425f39"
"checksum byteorder 1.2.7 (registry+https://github.com/rust-lang/crates.io-index)" = "94f88df23a25417badc922ab0f5716cc1330e87f71ddd9203b3a3ccd9cedf75d"
"checksum cc 1.0.28 (registry+https://github.com/rust-lang/crates.io-index)" = "bb4a8b715cb4597106ea87c7c84b2f1d452c7492033765df7f32651e66fcf749"
"checksum cfg-if 0.1.6 (registry+https://github.com/rust-lang/crates.io-index)" = "082bb9b28e00d3c9d39cc03e64ce4cea0f1bb9b3fde493f0cbc008472d22bdf4"
"checksum cpp_demangle 0.2.12 (registry+https://github.com/rust-lang/crates.io-index)" = "d30c0c4ba59fc4951d15cce1b9ba3b448a2b5d601964768fe7cd69c09cc69028"
"checksum crc 1.8.1 (registry+https://github.com/rust-lang/crates.io-index)" = "d663548de7f5cca343f1e0a48d14dcfb0e9eb4e079ec58883b7251539fa10aeb"
"checksum crc32fast 1.1.2 (registry+https://github.com/rust-lang/crates.io-index)" = "e91d5240c6975ef33aeb5f148f35275c25eda8e8a5f95abe421978b05b8bf192"
"checksum env_logger 0.5.13 (registry+https://github.com/rust-lang/crates.io-index)" = "15b0a4d2e39f8420210be8b27eeda28029729e2fd4291019455016c348240c38"
"checksum errno 0.1.8 (registry+https://github.com/rust-lang/crates.io-index)" = "1e2b2decb0484e15560df3210cf0d78654bb0864b2c138977c07e377a1bae0e2"
"checksum failure 0.1.5 (registry+https://github.com/rust-lang/crates.io-index)" = "795bd83d3abeb9220f257e597aa0080a508b27533824adf336529648f6abf7e2"
"checksum failure_derive 0.1.5 (registry+https://github.com/rust-lang/crates.io-index)" = "ea1063915fd7ef4309e222a5a07cf9c319fb9c7836b1f89b85458672dbb127e1"
"checksum fallible-iterator 0.1.6 (registry+https://github.com/rust-lang/crates.io-index)" = "eb7217124812dc5672b7476d0c2d20cfe9f7c0f1ba0904b674a9762a0212f72e"
"checksum flate2 1.0.6 (registry+https://github.com/rust-lang/crates.io-index)" = "2291c165c8e703ee54ef3055ad6188e3d51108e2ded18e9f2476e774fc5ad3d4"
"checksum gimli 0.16.1 (registry+https://github.com/rust-lang/crates.io-index)" = "9a7f6ee5390883802431e4abe323390f52f10ff16e8f8d2d6ce598251f900ede"
"checksum glob 0.2.11 (registry+https://github.com/rust-lang/crates.io-index)" = "8be18de09a56b60ed0edf84bc9df007e30040691af7acd1c41874faac5895bfb"
"checksum goblin 0.0.15 (registry+https://github.com/rust-lang/crates.io-index)" = "5e3ba9fec4dc9a09553388bff2724d3bf06bd64013539f2d3e1e3838eefb310a"
"checksum goblin 0.0.19 (registry+https://github.com/rust-lang/crates.io-index)" = "c65cd533b33e3d04c6e393225fa8919ddfcf5862ca8919c7f9a167c312ef41c2"
"checksum humantime 1.2.0 (registry+https://github.com/rust-lang/crates.io-index)" = "3ca7e5f2e110db35f93b837c81797f3714500b81d517bf20c431b16d3ca4f114"
"checksum intervaltree 0.2.4 (registry+https://github.com/rust-lang/crates.io-index)" = "af39074dd8d5eff756ddea3d8f34c7ae287d4dadb6f29fb1b67ca6b3f5036482"
"checksum kernel32-sys 0.2.2 (registry+https://github.com/rust-lang/crates.io-index)" = "7507624b29483431c0ba2d82aece8ca6cdba9382bff4ddd0f7490560c056098d"
"checksum lazy_static 1.2.0 (registry+https://github.com/rust-lang/crates.io-index)" = "a374c89b9db55895453a74c1e38861d9deec0b01b405a82516e9d5de4820dea1"
"checksum lazycell 1.2.1 (registry+https://github.com/rust-lang/crates.io-index)" = "b294d6fa9ee409a054354afc4352b0b9ef7ca222c69b8812cbea9e7d2bf3783f"
"checksum libc 0.2.46 (registry+https://github.com/rust-lang/crates.io-index)" = "023a4cd09b2ff695f9734c1934145a315594b7986398496841c7031a5a1bbdbd"
"checksum libproc 0.3.2 (registry+https://github.com/rust-lang/crates.io-index)" = "58d23e79d5a9fc3f86a75bcd31a5418f27104518aca33615802b0373380beab4"
"checksum log 0.3.9 (registry+https://github.com/rust-lang/crates.io-index)" = "e19e8d5c34a3e0e2223db8e060f9e8264aeeb5c5fc64a4ee9965c062211c024b"
"checksum log 0.4.6 (registry+https://github.com/rust-lang/crates.io-index)" = "c84ec4b527950aa83a329754b01dbe3f58361d1c5efacd1f6d68c494d08a17c6"
"checksum mach 0.1.2 (registry+https://github.com/rust-lang/crates.io-index)" = "2fd13ee2dd61cc82833ba05ade5a30bb3d63f7ced605ef827063c63078302de9"
"checksum mach 0.2.3 (registry+https://github.com/rust-lang/crates.io-index)" = "86dd2487cdfea56def77b88438a2c915fb45113c5319bfe7e14306ca4cd0b0e1"
"checksum mach_o_sys 0.1.1 (registry+https://github.com/rust-lang/crates.io-index)" = "3e854583a83f20cf329bb9283366335387f7db59d640d1412167e05fedb98826"
"checksum memchr 2.1.2 (registry+https://github.com/rust-lang/crates.io-index)" = "db4c41318937f6e76648f42826b1d9ade5c09cafb5aef7e351240a70f39206e9"
"checksum memmap 0.7.0 (registry+https://github.com/rust-lang/crates.io-index)" = "6585fd95e7bb50d6cc31e20d4cf9afb4e2ba16c5846fc76793f11218da9c475b"
"checksum miniz-sys 0.1.11 (registry+https://github.com/rust-lang/crates.io-index)" = "0300eafb20369952951699b68243ab4334f4b10a88f411c221d444b36c40e649"
"checksum miniz_oxide 0.2.0 (registry+https://github.com/rust-lang/crates.io-index)" = "5ad30a47319c16cde58d0314f5d98202a80c9083b5f61178457403dfb14e509c"
"checksum miniz_oxide_c_api 0.2.0 (registry+https://github.com/rust-lang/crates.io-index)" = "28edaef377517fd9fe3e085c37d892ce7acd1fbeab9239c5a36eec352d8a8b7e"
"checksum nix 0.12.0 (registry+https://github.com/rust-lang/crates.io-index)" = "921f61dc817b379d0834e45d5ec45beaacfae97082090a49c2cf30dcbc30206f"
"checksum nodrop 0.1.13 (registry+https://github.com/rust-lang/crates.io-index)" = "2f9667ddcc6cc8a43afc9b7917599d7216aa09c463919ea32c59ed6cac8bc945"
"checksum object 0.9.0 (registry+https://github.com/rust-lang/crates.io-index)" = "9d516d9e7232a46e709ab9027f51e2d3ce97608bce167df6badf12b258a6a61b"
"checksum parity-wasm 0.31.3 (registry+https://github.com/rust-lang/crates.io-index)" = "511379a8194230c2395d2f5fa627a5a7e108a9f976656ce723ae68fca4097bfc"
"checksum plain 0.2.3 (registry+https://github.com/rust-lang/crates.io-index)" = "b4596b6d070b27117e987119b4dac604f3c58cfb0b191112e24771b2faeac1a6"
"checksum proc-macro2 0.4.24 (registry+https://github.com/rust-lang/crates.io-index)" = "77619697826f31a02ae974457af0b29b723e5619e113e9397b8b82c6bd253f09"
"checksum proc-maps 0.1.5 (registry+https://github.com/rust-lang/crates.io-index)" = "01021db70d4957b30ab3c677260d76d69cf3e19dd4467cd5356179070cdbd36a"
"checksum quick-error 1.2.2 (registry+https://github.com/rust-lang/crates.io-index)" = "9274b940887ce9addde99c4eee6b5c44cc494b182b97e73dc8ffdcb3397fd3f0"
"checksum quote 0.6.10 (registry+https://github.com/rust-lang/crates.io-index)" = "53fa22a1994bd0f9372d7a816207d8a2677ad0325b073f5c5332760f0fb62b5c"
"checksum redox_syscall 0.1.50 (registry+https://github.com/rust-lang/crates.io-index)" = "52ee9a534dc1301776eff45b4fa92d2c39b1d8c3d3357e6eb593e0d795506fc2"
"checksum redox_termios 0.1.1 (registry+https://github.com/rust-lang/crates.io-index)" = "7e891cfe48e9100a70a3b6eb652fef28920c117d366339687bd5576160db0f76"
"checksum regex 1.1.0 (registry+https://github.com/rust-lang/crates.io-index)" = "37e7cbbd370869ce2e8dff25c7018702d10b21a20ef7135316f8daecd6c25b7f"
"checksum regex-syntax 0.6.4 (registry+https://github.com/rust-lang/crates.io-index)" = "4e47a2ed29da7a9e1960e1639e7a982e6edc6d49be308a3b02daf511504a16d1"
"checksum rustc-demangle 0.1.13 (registry+https://github.com/rust-lang/crates.io-index)" = "adacaae16d02b6ec37fdc7acfcddf365978de76d1983d3ee22afc260e1ca9619"
"checksum rustc_version 0.2.3 (registry+https://github.com/rust-lang/crates.io-index)" = "138e3e0acb6c9fb258b19b67cb8abd63c00679d2851805ea151465464fe9030a"
"checksum scroll 0.9.2 (registry+https://github.com/rust-lang/crates.io-index)" = "2f84d114ef17fd144153d608fba7c446b0145d038985e7a8cc5d08bb0ce20383"
"checksum scroll_derive 0.9.5 (registry+https://github.com/rust-lang/crates.io-index)" = "8f1aa96c45e7f5a91cb7fabe7b279f02fea7126239fc40b732316e8b6a2d0fcb"
"checksum semver 0.9.0 (registry+https://github.com/rust-lang/crates.io-index)" = "1d7eb9ef2c18661902cc47e535f9bc51b78acd254da71d375c2f6720d9a40403"
"checksum semver-parser 0.7.0 (registry+https://github.com/rust-lang/crates.io-index)" = "388a1df253eca08550bef6c72392cfe7c30914bf41df5269b68cbd6ff8f570a3"
"checksum smallvec 0.6.7 (registry+https://github.com/rust-lang/crates.io-index)" = "b73ea3738b47563803ef814925e69be00799a8c07420be8b996f8e98fb2336db"
"checksum stable_deref_trait 1.1.1 (registry+https://github.com/rust-lang/crates.io-index)" = "dba1a27d3efae4351c8051072d619e3ade2820635c3958d826bfea39d59b54c8"
"checksum syn 0.15.24 (registry+https://github.com/rust-lang/crates.io-index)" = "734ecc29cd36e8123850d9bf21dfd62ef8300aaa8f879aabaa899721808be37c"
"checksum synstructure 0.10.1 (registry+https://github.com/rust-lang/crates.io-index)" = "73687139bf99285483c96ac0add482c3776528beac1d97d444f6e91f203a2015"
"checksum termcolor 1.0.4 (registry+https://github.com/rust-lang/crates.io-index)" = "4096add70612622289f2fdcdbd5086dc81c1e2675e6ae58d6c4f62a16c6d7f2f"
"checksum termion 1.5.1 (registry+https://github.com/rust-lang/crates.io-index)" = "689a3bdfaab439fd92bc87df5c4c78417d3cbe537487274e9b0b2dce76e92096"
"checksum thread_local 0.3.6 (registry+https://github.com/rust-lang/crates.io-index)" = "c6b53e329000edc2b34dbe8545fd20e55a333362d0a321909685a19bd28c3f1b"
"checksum ucd-util 0.1.3 (registry+https://github.com/rust-lang/crates.io-index)" = "535c204ee4d8434478593480b8f86ab45ec9aae0e83c568ca81abf0fd0e88f86"
"checksum unicode-xid 0.1.0 (registry+https://github.com/rust-lang/crates.io-index)" = "fc72304796d0818e357ead4e000d19c9c174ab23dc11093ac919054d20a6a7fc"
"checksum unreachable 1.0.0 (registry+https://github.com/rust-lang/crates.io-index)" = "382810877fe448991dfc7f0dd6e3ae5d58088fd0ea5e35189655f84e6814fa56"
"checksum utf8-ranges 1.0.2 (registry+https://github.com/rust-lang/crates.io-index)" = "796f7e48bef87609f7ade7e06495a87d5cd06c7866e6a5cbfceffc558a243737"
"checksum uuid 0.6.5 (registry+https://github.com/rust-lang/crates.io-index)" = "e1436e58182935dcd9ce0add9ea0b558e8a87befe01c1a301e6020aeb0876363"
"checksum version_check 0.1.5 (registry+https://github.com/rust-lang/crates.io-index)" = "914b1a6776c4c929a602fafd8bc742e06365d4bcbe48c30f9cca5824f70dc9dd"
"checksum void 1.0.2 (registry+https://github.com/rust-lang/crates.io-index)" = "6a02e4885ed3bc0f2de90ea6dd45ebcbb66dacffe03547fadbb0eeae2770887d"
"checksum winapi 0.2.8 (registry+https://github.com/rust-lang/crates.io-index)" = "167dc9d6949a9b857f3451275e911c3f44255842c1f7a76f33c55103a909087a"
"checksum winapi 0.3.6 (registry+https://github.com/rust-lang/crates.io-index)" = "92c1eb33641e276cfa214a0522acad57be5c56b10cb348b3c5117db75f3ac4b0"
"checksum winapi-build 0.1.1 (registry+https://github.com/rust-lang/crates.io-index)" = "2d315eee3b34aca4797b2da6b13ed88266e6d612562a0c46390af8299fc699bc"
"checksum winapi-i686-pc-windows-gnu 0.4.0 (registry+https://github.com/rust-lang/crates.io-index)" = "ac3b87c63620426dd9b991e5ce0329eff545bccbbb34f3be09ff6fb6ab51b7b6"
"checksum winapi-util 0.1.1 (registry+https://github.com/rust-lang/crates.io-index)" = "afc5508759c5bf4285e61feb862b6083c8480aec864fa17a81fdec6f69b461ab"
"checksum winapi-x86_64-pc-windows-gnu 0.4.0 (registry+https://github.com/rust-lang/crates.io-index)" = "712e227841d057c1ee1cd2fb22fa7e5a5461ae8e48fa2ca79ec42cfc1931183f"
"checksum wincolor 1.0.1 (registry+https://github.com/rust-lang/crates.io-index)" = "561ed901ae465d6185fa7864d63fbd5720d0ef718366c9a4dc83cf6170d7e9ba"
